
Microsoft Visual Studio Solution File, Format Version 12.00
# Visual Studio Version 17
VisualStudioVersion = 17.9.34723.18
MinimumVisualStudioVersion = 10.0.40219.1
Project("{FAE04EC0-301F-11D3-BF4B-00C04F79EFBC}") = "OOP_27", "OOP_27\OOP_27.csproj", "{2874F799-45B1-4ACC-A61F-F21675CCF8F1}"
EndProject
Global
	GlobalSection(SolutionConfigurationPlatforms) = preSolution
		Debug|Any CPU = Debug|Any CPU
		Release|Any CPU = Release|Any CPU
	EndGlobalSection
	GlobalSection(ProjectConfigurationPlatforms) = postSolution
		{2874F799-45B1-4ACC-A61F-F21675CCF8F1}.Debug|Any CPU.ActiveCfg = Debug|Any CPU
		{2874F799-45B1-4ACC-A61F-F21675CCF8F1}.Debug|Any CPU.Build.0 = Debug|Any CPU
		{2874F799-45B1-4ACC-A61F-F21675CCF8F1}.Release|Any CPU.ActiveCfg = Release|Any CPU
		{2874F799-45B1-4ACC-A61F-F21675CCF8F1}.Release|Any CPU.Build.0 = Release|Any CPU
	EndGlobalSection
	GlobalSection(SolutionProperties) = preSolution
		HideSolutionNode = FALSE
	EndGlobalSection
	GlobalSection(ExtensibilityGlobals) = postSolution
		SolutionGuid = {DE7E1BA6-8A2E-4ADE-8ADF-51888A7410FF}
	EndGlobalSection
EndGlobal
